
Microsoft Visual Studio Solution File, Format Version 12.00
# Visual Studio Version 16
VisualStudioVersion = 16.0.31005.135
MinimumVisualStudioVersion = 10.0.40219.1
Project("{FAE04EC0-301F-11D3-BF4B-00C04F79EFBC}") = "WpfApp1", "WpfApp1\WpfApp1.csproj", "{FB2B366C-BF1F-44BC-B746-2B9A81831441}"
EndProject
Global
	GlobalSection(SolutionConfigurationPlatforms) = preSolution
		Debug|Any CPU = Debug|Any CPU
		Release|Any CPU = Release|Any CPU
	EndGlobalSection
	GlobalSection(ProjectConfigurationPlatforms) = postSolution
		{FB2B366C-BF1F-44BC-B746-2B9A81831441}.Debug|Any CPU.ActiveCfg = Debug|Any CPU
		{FB2B366C-BF1F-44BC-B746-2B9A81831441}.Debug|Any CPU.Build.0 = Debug|Any CPU
		{FB2B366C-BF1F-44BC-B746-2B9A81831441}.Release|Any CPU.ActiveCfg = Release|Any CPU
		{FB2B366C-BF1F-44BC-B746-2B9A81831441}.Release|Any CPU.Build.0 = Release|Any CPU
	EndGlobalSection
	GlobalSection(SolutionProperties) = preSolution
		HideSolutionNode = FALSE
	EndGlobalSection
	GlobalSection(ExtensibilityGlobals) = postSolution
		SolutionGuid = {639A5604-3F35-4C45-A424-D68AFE7AC1DB}
	EndGlobalSection
EndGlobal
